
Microsoft Visual Studio Solution File, Format Version 12.00
# Visual Studio Version 16
VisualStudioVersion = 16.0.29519.87
MinimumVisualStudioVersion = 10.0.40219.1
Project("{FAE04EC0-301F-11D3-BF4B-00C04F79EFBC}") = "Menu", "Menu\Menu.csproj", "{8F0448D6-FA6C-497A-A717-D0399C14027C}"
EndProject
Global
	GlobalSection(SolutionConfigurationPlatforms) = preSolution
		Debug|Any CPU = Debug|Any CPU
		Release|Any CPU = Release|Any CPU
	EndGlobalSection
	GlobalSection(ProjectConfigurationPlatforms) = postSolution
		{8F0448D6-FA6C-497A-A717-D0399C14027C}.Debug|Any CPU.ActiveCfg = Debug|Any CPU
		{8F0448D6-FA6C-497A-A717-D0399C14027C}.Debug|Any CPU.Build.0 = Debug|Any CPU
		{8F0448D6-FA6C-497A-A717-D0399C14027C}.Release|Any CPU.ActiveCfg = Release|Any CPU
		{8F0448D6-FA6C-497A-A717-D0399C14027C}.Release|Any CPU.Build.0 = Release|Any CPU
	EndGlobalSection
	GlobalSection(SolutionProperties) = preSolution
		HideSolutionNode = FALSE
	EndGlobalSection
	GlobalSection(ExtensibilityGlobals) = postSolution
		SolutionGuid = {A4298C3E-D489-4632-AA95-214EFA1DFC24}
	EndGlobalSection
EndGlobal
